
Microsoft Visual Studio Solution File, Format Version 12.00
# Visual Studio 2012
Project("{FAE04EC0-301F-11D3-BF4B-00C04F79EFBC}") = "NicoApiClient", "NicoApiClient.csproj", "{11313BB3-7560-4CA1-B54F-E42C05ED824E}"
EndProject
Project("{FAE04EC0-301F-11D3-BF4B-00C04F79EFBC}") = "NicoApiClient.Tests", "..\NicoApiClient.Tests\NicoApiClient.Tests.csproj", "{A467C95C-8493-45F7-A12E-761B4ECE309E}"
EndProject
Global
	GlobalSection(SolutionConfigurationPlatforms) = preSolution
		Debug|Any CPU = Debug|Any CPU
		Release|Any CPU = Release|Any CPU
	EndGlobalSection
	GlobalSection(ProjectConfigurationPlatforms) = postSolution
		{11313BB3-7560-4CA1-B54F-E42C05ED824E}.Debug|Any CPU.ActiveCfg = Debug|Any CPU
		{11313BB3-7560-4CA1-B54F-E42C05ED824E}.Debug|Any CPU.Build.0 = Debug|Any CPU
		{11313BB3-7560-4CA1-B54F-E42C05ED824E}.Release|Any CPU.ActiveCfg = Release|Any CPU
		{11313BB3-7560-4CA1-B54F-E42C05ED824E}.Release|Any CPU.Build.0 = Release|Any CPU
		{A467C95C-8493-45F7-A12E-761B4ECE309E}.Debug|Any CPU.ActiveCfg = Debug|Any CPU
		{A467C95C-8493-45F7-A12E-761B4ECE309E}.Debug|Any CPU.Build.0 = Debug|Any CPU
		{A467C95C-8493-45F7-A12E-761B4ECE309E}.Release|Any CPU.ActiveCfg = Release|Any CPU
		{A467C95C-8493-45F7-A12E-761B4ECE309E}.Release|Any CPU.Build.0 = Release|Any CPU
	EndGlobalSection
	GlobalSection(SolutionProperties) = preSolution
		HideSolutionNode = FALSE
	EndGlobalSection
EndGlobal
